
Microsoft Visual Studio Solution File, Format Version 12.00
# Visual Studio Version 17
VisualStudioVersion = 17.8.34330.188
MinimumVisualStudioVersion = 10.0.40219.1
Project("{FAE04EC0-301F-11D3-BF4B-00C04F79EFBC}") = "Calculator", "Calculator\Calculator.csproj", "{DA62DBE4-638D-4C58-8D1E-24891B861340}"
EndProject
Global
	GlobalSection(SolutionConfigurationPlatforms) = preSolution
		Debug|Any CPU = Debug|Any CPU
		Release|Any CPU = Release|Any CPU
	EndGlobalSection
	GlobalSection(ProjectConfigurationPlatforms) = postSolution
		{DA62DBE4-638D-4C58-8D1E-24891B861340}.Debug|Any CPU.ActiveCfg = Debug|Any CPU
		{DA62DBE4-638D-4C58-8D1E-24891B861340}.Debug|Any CPU.Build.0 = Debug|Any CPU
		{DA62DBE4-638D-4C58-8D1E-24891B861340}.Release|Any CPU.ActiveCfg = Release|Any CPU
		{DA62DBE4-638D-4C58-8D1E-24891B861340}.Release|Any CPU.Build.0 = Release|Any CPU
	EndGlobalSection
	GlobalSection(SolutionProperties) = preSolution
		HideSolutionNode = FALSE
	EndGlobalSection
	GlobalSection(ExtensibilityGlobals) = postSolution
		SolutionGuid = {889D4EFA-8E92-4232-80CB-8C232F6A4131}
	EndGlobalSection
EndGlobal
